
Microsoft Visual Studio Solution File, Format Version 12.00
# Visual Studio Version 16
VisualStudioVersion = 16.0.29411.108
MinimumVisualStudioVersion = 10.0.40219.1
Project("{FAE04EC0-301F-11D3-BF4B-00C04F79EFBC}") = "DNAV_Trojaner", "DNAV_Trojaner\DNAV_Trojaner.csproj", "{9BAE0AB6-E57D-4040-89A3-C10FD5F7263A}"
EndProject
Global
	GlobalSection(SolutionConfigurationPlatforms) = preSolution
		Debug|Any CPU = Debug|Any CPU
		Release|Any CPU = Release|Any CPU
	EndGlobalSection
	GlobalSection(ProjectConfigurationPlatforms) = postSolution
		{9BAE0AB6-E57D-4040-89A3-C10FD5F7263A}.Debug|Any CPU.ActiveCfg = Debug|Any CPU
		{9BAE0AB6-E57D-4040-89A3-C10FD5F7263A}.Debug|Any CPU.Build.0 = Debug|Any CPU
		{9BAE0AB6-E57D-4040-89A3-C10FD5F7263A}.Release|Any CPU.ActiveCfg = Release|Any CPU
		{9BAE0AB6-E57D-4040-89A3-C10FD5F7263A}.Release|Any CPU.Build.0 = Release|Any CPU
	EndGlobalSection
	GlobalSection(SolutionProperties) = preSolution
		HideSolutionNode = FALSE
	EndGlobalSection
	GlobalSection(ExtensibilityGlobals) = postSolution
		SolutionGuid = {E59E90D1-6773-4672-A58B-D68CBA5AF7CC}
	EndGlobalSection
EndGlobal
